// !$*UTF8*$!
{
	archiveVersion = 1;
	classes = {
	};
	objectVersion = 55;
	objects = {

/* Begin PBXBuildFile section */
		D2180B6728BAF5C600D5CC9D /* SearchViewController.swift in Sources */ = {isa = PBXBuildFile; fileRef = D2180B6628BAF5C600D5CC9D /* SearchViewController.swift */; };
		D2180B6928BAF5ED00D5CC9D /* SearchInteractor.swift in Sources */ = {isa = PBXBuildFile; fileRef = D2180B6828BAF5ED00D5CC9D /* SearchInteractor.swift */; };
		D2180B6B28BAF60E00D5CC9D /* SearchPresenter.swift in Sources */ = {isa = PBXBuildFile; fileRef = D2180B6A28BAF60E00D5CC9D /* SearchPresenter.swift */; };
		D2180B6D28BAF61D00D5CC9D /* SearchRequestWorker.swift in Sources */ = {isa = PBXBuildFile; fileRef = D2180B6C28BAF61D00D5CC9D /* SearchRequestWorker.swift */; };
		D2180B6F28BAF62A00D5CC9D /* SearchModels.swift in Sources */ = {isa = PBXBuildFile; fileRef = D2180B6E28BAF62A00D5CC9D /* SearchModels.swift */; };
		D2180B7128BAF64E00D5CC9D /* SearchRouter.swift in Sources */ = {isa = PBXBuildFile; fileRef = D2180B7028BAF64E00D5CC9D /* SearchRouter.swift */; };
		D2180B7428BAF69900D5CC9D /* AssemblyLayer.swift in Sources */ = {isa = PBXBuildFile; fileRef = D2180B7328BAF69900D5CC9D /* AssemblyLayer.swift */; };
		D2180B7728BB1E5900D5CC9D /* SearchResponseWorker.swift in Sources */ = {isa = PBXBuildFile; fileRef = D2180B7628BB1E5900D5CC9D /* SearchResponseWorker.swift */; };
		D21EB57F28537E9C00F27E32 /* AppDelegate.swift in Sources */ = {isa = PBXBuildFile; fileRef = D21EB57E28537E9C00F27E32 /* AppDelegate.swift */; };
		D21EB58128537E9C00F27E32 /* SceneDelegate.swift in Sources */ = {isa = PBXBuildFile; fileRef = D21EB58028537E9C00F27E32 /* SceneDelegate.swift */; };
		D21EB58828537E9C00F27E32 /* Assets.xcassets in Resources */ = {isa = PBXBuildFile; fileRef = D21EB58728537E9C00F27E32 /* Assets.xcassets */; };
		D21EB58B28537E9C00F27E32 /* LaunchScreen.storyboard in Resources */ = {isa = PBXBuildFile; fileRef = D21EB58928537E9C00F27E32 /* LaunchScreen.storyboard */; };
		D21EB5982853806E00F27E32 /* SearchResaults.swift in Sources */ = {isa = PBXBuildFile; fileRef = D21EB5972853806E00F27E32 /* SearchResaults.swift */; };
		D21EB5A32853818700F27E32 /* SearchCell.swift in Sources */ = {isa = PBXBuildFile; fileRef = D21EB5A22853818700F27E32 /* SearchCell.swift */; };
/* End PBXBuildFile section */

/* Begin PBXFileReference section */
		D2180B6628BAF5C600D5CC9D /* SearchViewController.swift */ = {isa = PBXFileReference; lastKnownFileType = sourcecode.swift; path = SearchViewController.swift; sourceTree = "<group>"; };
		D2180B6828BAF5ED00D5CC9D /* SearchInteractor.swift */ = {isa = PBXFileReference; lastKnownFileType = sourcecode.swift; path = SearchInteractor.swift; sourceTree = "<group>"; };
		D2180B6A28BAF60E00D5CC9D /* SearchPresenter.swift */ = {isa = PBXFileReference; lastKnownFileType = sourcecode.swift; path = SearchPresenter.swift; sourceTree = "<group>"; };
		D2180B6C28BAF61D00D5CC9D /* SearchRequestWorker.swift */ = {isa = PBXFileReference; lastKnownFileType = sourcecode.swift; path = SearchRequestWorker.swift; sourceTree = "<group>"; };
		D2180B6E28BAF62A00D5CC9D /* SearchModels.swift */ = {isa = PBXFileReference; lastKnownFileType = sourcecode.swift; path = SearchModels.swift; sourceTree = "<group>"; };
		D2180B7028BAF64E00D5CC9D /* SearchRouter.swift */ = {isa = PBXFileReference; lastKnownFileType = sourcecode.swift; path = SearchRouter.swift; sourceTree = "<group>"; };
		D2180B7328BAF69900D5CC9D /* AssemblyLayer.swift */ = {isa = PBXFileReference; lastKnownFileType = sourcecode.swift; path = AssemblyLayer.swift; sourceTree = "<group>"; };
		D2180B7628BB1E5900D5CC9D /* SearchResponseWorker.swift */ = {isa = PBXFileReference; lastKnownFileType = sourcecode.swift; path = SearchResponseWorker.swift; sourceTree = "<group>"; };
		D21EB57B28537E9C00F27E32 /* Music.app */ = {isa = PBXFileReference; explicitFileType = wrapper.application; includeInIndex = 0; path = Music.app; sourceTree = BUILT_PRODUCTS_DIR; };
		D21EB57E28537E9C00F27E32 /* AppDelegate.swift */ = {isa = PBXFileReference; lastKnownFileType = sourcecode.swift; path = AppDelegate.swift; sourceTree = "<group>"; };
		D21EB58028537E9C00F27E32 /* SceneDelegate.swift */ = {isa = PBXFileReference; lastKnownFileType = sourcecode.swift; path = SceneDelegate.swift; sourceTree = "<group>"; };
		D21EB58728537E9C00F27E32 /* Assets.xcassets */ = {isa = PBXFileReference; lastKnownFileType = folder.assetcatalog; path = Assets.xcassets; sourceTree = "<group>"; };
		D21EB58A28537E9C00F27E32 /* Base */ = {isa = PBXFileReference; lastKnownFileType = file.storyboard; name = Base; path = Base.lproj/LaunchScreen.storyboard; sourceTree = "<group>"; };
		D21EB58C28537E9C00F27E32 /* Info.plist */ = {isa = PBXFileReference; lastKnownFileType = text.plist.xml; path = Info.plist; sourceTree = "<group>"; };
		D21EB5972853806E00F27E32 /* SearchResaults.swift */ = {isa = PBXFileReference; lastKnownFileType = sourcecode.swift; path = SearchResaults.swift; sourceTree = "<group>"; };
		D21EB5A22853818700F27E32 /* SearchCell.swift */ = {isa = PBXFileReference; lastKnownFileType = sourcecode.swift; path = SearchCell.swift; sourceTree = "<group>"; };
/* End PBXFileReference section */

/* Begin PBXFrameworksBuildPhase section */
		D21EB57828537E9C00F27E32 /* Frameworks */ = {
			isa = PBXFrameworksBuildPhase;
			buildActionMask = 2147483647;
			files = (
			);
			runOnlyForDeploymentPostprocessing = 0;
		};
/* End PBXFrameworksBuildPhase section */

/* Begin PBXGroup section */
		D2180B6228B86B2400D5CC9D /* Application */ = {
			isa = PBXGroup;
			children = (
				D21EB57E28537E9C00F27E32 /* AppDelegate.swift */,
				D21EB58028537E9C00F27E32 /* SceneDelegate.swift */,
			);
			path = Application;
			sourceTree = "<group>";
		};
		D2180B6328B86B4000D5CC9D /* SupportingFiles */ = {
			isa = PBXGroup;
			children = (
				D21EB58728537E9C00F27E32 /* Assets.xcassets */,
				D21EB58928537E9C00F27E32 /* LaunchScreen.storyboard */,
				D21EB58C28537E9C00F27E32 /* Info.plist */,
			);
			path = SupportingFiles;
			sourceTree = "<group>";
		};
		D2180B6528BAF55300D5CC9D /* SearchModule */ = {
			isa = PBXGroup;
			children = (
				D2180B6E28BAF62A00D5CC9D /* SearchModels.swift */,
				D2180B6C28BAF61D00D5CC9D /* SearchRequestWorker.swift */,
				D2180B7628BB1E5900D5CC9D /* SearchResponseWorker.swift */,
				D2180B6828BAF5ED00D5CC9D /* SearchInteractor.swift */,
				D2180B6A28BAF60E00D5CC9D /* SearchPresenter.swift */,
				D2180B6628BAF5C600D5CC9D /* SearchViewController.swift */,
				D21EB5A22853818700F27E32 /* SearchCell.swift */,
				D2180B7028BAF64E00D5CC9D /* SearchRouter.swift */,
			);
			path = SearchModule;
			sourceTree = "<group>";
		};
		D2180B7228BAF68200D5CC9D /* AssemblyLayer */ = {
			isa = PBXGroup;
			children = (
				D2180B7328BAF69900D5CC9D /* AssemblyLayer.swift */,
			);
			path = AssemblyLayer;
			sourceTree = "<group>";
		};
		D2180B7D28BB3D5B00D5CC9D /* Model */ = {
			isa = PBXGroup;
			children = (
				D21EB5972853806E00F27E32 /* SearchResaults.swift */,
			);
			path = Model;
			sourceTree = "<group>";
		};
		D21EB57228537E9C00F27E32 = {
			isa = PBXGroup;
			children = (
				D21EB57D28537E9C00F27E32 /* Music */,
				D21EB57C28537E9C00F27E32 /* Products */,
			);
			sourceTree = "<group>";
		};
		D21EB57C28537E9C00F27E32 /* Products */ = {
			isa = PBXGroup;
			children = (
				D21EB57B28537E9C00F27E32 /* Music.app */,
			);
			name = Products;
			sourceTree = "<group>";
		};
		D21EB57D28537E9C00F27E32 /* Music */ = {
			isa = PBXGroup;
			children = (
				D2180B6228B86B2400D5CC9D /* Application */,
				D2180B6328B86B4000D5CC9D /* SupportingFiles */,
				D2180B7228BAF68200D5CC9D /* AssemblyLayer */,
				D2180B7D28BB3D5B00D5CC9D /* Model */,
				D2180B6528BAF55300D5CC9D /* SearchModule */,
			);
			path = Music;
			sourceTree = "<group>";
		};
/* End PBXGroup section */

/* Begin PBXNativeTarget section */
		D21EB57A28537E9C00F27E32 /* Music */ = {
			isa = PBXNativeTarget;
			buildConfigurationList = D21EB58F28537E9C00F27E32 /* Build configuration list for PBXNativeTarget "Music" */;
			buildPhases = (
				D21EB57728537E9C00F27E32 /* Sources */,
				D21EB57828537E9C00F27E32 /* Frameworks */,
				D21EB57928537E9C00F27E32 /* Resources */,
			);
			buildRules = (
			);
			dependencies = (
			);
			name = Music;
			productName = Music;
			productReference = D21EB57B28537E9C00F27E32 /* Music.app */;
			productType = "com.apple.product-type.application";
		};
/* End PBXNativeTarget section */

/* Begin PBXProject section */
		D21EB57328537E9C00F27E32 /* Project object */ = {
			isa = PBXProject;
			attributes = {
				BuildIndependentTargetsInParallel = 1;
				LastSwiftUpdateCheck = 1330;
				LastUpgradeCheck = 1330;
				TargetAttributes = {
					D21EB57A28537E9C00F27E32 = {
						CreatedOnToolsVersion = 13.3.1;
					};
				};
			};
			buildConfigurationList = D21EB57628537E9C00F27E32 /* Build configuration list for PBXProject "Music" */;
			compatibilityVersion = "Xcode 13.0";
			developmentRegion = en;
			hasScannedForEncodings = 0;
			knownRegions = (
				en,
				Base,
			);
			mainGroup = D21EB57228537E9C00F27E32;
			productRefGroup = D21EB57C28537E9C00F27E32 /* Products */;
			projectDirPath = "";
			projectRoot = "";
			targets = (
				D21EB57A28537E9C00F27E32 /* Music */,
			);
		};
/* End PBXProject section */

/* Begin PBXResourcesBuildPhase section */
		D21EB57928537E9C00F27E32 /* Resources */ = {
			isa = PBXResourcesBuildPhase;
			buildActionMask = 2147483647;
			files = (
				D21EB58B28537E9C00F27E32 /* LaunchScreen.storyboard in Resources */,
				D21EB58828537E9C00F27E32 /* Assets.xcassets in Resources */,
			);
			runOnlyForDeploymentPostprocessing = 0;
		};
/* End PBXResourcesBuildPhase section */

/* Begin PBXSourcesBuildPhase section */
		D21EB57728537E9C00F27E32 /* Sources */ = {
			isa = PBXSourcesBuildPhase;
			buildActionMask = 2147483647;
			files = (
				D2180B6B28BAF60E00D5CC9D /* SearchPresenter.swift in Sources */,
				D2180B7728BB1E5900D5CC9D /* SearchResponseWorker.swift in Sources */,
				D2180B6728BAF5C600D5CC9D /* SearchViewController.swift in Sources */,
				D2180B6928BAF5ED00D5CC9D /* SearchInteractor.swift in Sources */,
				D21EB5982853806E00F27E32 /* SearchResaults.swift in Sources */,
				D21EB5A32853818700F27E32 /* SearchCell.swift in Sources */,
				D2180B6D28BAF61D00D5CC9D /* SearchRequestWorker.swift in Sources */,
				D21EB57F28537E9C00F27E32 /* AppDelegate.swift in Sources */,
				D21EB58128537E9C00F27E32 /* SceneDelegate.swift in Sources */,
				D2180B7428BAF69900D5CC9D /* AssemblyLayer.swift in Sources */,
				D2180B6F28BAF62A00D5CC9D /* SearchModels.swift in Sources */,
				D2180B7128BAF64E00D5CC9D /* SearchRouter.swift in Sources */,
			);
			runOnlyForDeploymentPostprocessing = 0;
		};
/* End PBXSourcesBuildPhase section */

/* Begin PBXVariantGroup section */
		D21EB58928537E9C00F27E32 /* LaunchScreen.storyboard */ = {
			isa = PBXVariantGroup;
			children = (
				D21EB58A28537E9C00F27E32 /* Base */,
			);
			name = LaunchScreen.storyboard;
			sourceTree = "<group>";
		};
/* End PBXVariantGroup section */

/* Begin XCBuildConfiguration section */
		D21EB58D28537E9C00F27E32 /* Debug */ = {
			isa = XCBuildConfiguration;
			buildSettings = {
				ALWAYS_SEARCH_USER_PATHS = NO;
				CLANG_ANALYZER_NONNULL = YES;
				CLANG_ANALYZER_NUMBER_OBJECT_CONVERSION = YES_AGGRESSIVE;
				CLANG_CXX_LANGUAGE_STANDARD = "gnu++17";
				CLANG_ENABLE_MODULES = YES;
				CLANG_ENABLE_OBJC_ARC = YES;
				CLANG_ENABLE_OBJC_WEAK = YES;
				CLANG_WARN_BLOCK_CAPTURE_AUTORELEASING = YES;
				CLANG_WARN_BOOL_CONVERSION = YES;
				CLANG_WARN_COMMA = YES;
				CLANG_WARN_CONSTANT_CONVERSION = YES;
				CLANG_WARN_DEPRECATED_OBJC_IMPLEMENTATIONS = YES;
				CLANG_WARN_DIRECT_OBJC_ISA_USAGE = YES_ERROR;
				CLANG_WARN_DOCUMENTATION_COMMENTS = YES;
				CLANG_WARN_EMPTY_BODY = YES;
				CLANG_WARN_ENUM_CONVERSION = YES;
				CLANG_WARN_INFINITE_RECURSION = YES;
				CLANG_WARN_INT_CONVERSION = YES;
				CLANG_WARN_NON_LITERAL_NULL_CONVERSION = YES;
				CLANG_WARN_OBJC_IMPLICIT_RETAIN_SELF = YES;
				CLANG_WARN_OBJC_LITERAL_CONVERSION = YES;
				CLANG_WARN_OBJC_ROOT_CLASS = YES_ERROR;
				CLANG_WARN_QUOTED_INCLUDE_IN_FRAMEWORK_HEADER = YES;
				CLANG_WARN_RANGE_LOOP_ANALYSIS = YES;
				CLANG_WARN_STRICT_PROTOTYPES = YES;
				CLANG_WARN_SUSPICIOUS_MOVE = YES;
				CLANG_WARN_UNGUARDED_AVAILABILITY = YES_AGGRESSIVE;
				CLANG_WARN_UNREACHABLE_CODE = YES;
				CLANG_WARN__DUPLICATE_METHOD_MATCH = YES;
				COPY_PHASE_STRIP = NO;
				DEBUG_INFORMATION_FORMAT = dwarf;
				ENABLE_STRICT_OBJC_MSGSEND = YES;
				ENABLE_TESTABILITY = YES;
				GCC_C_LANGUAGE_STANDARD = gnu11;
				GCC_DYNAMIC_NO_PIC = NO;
				GCC_NO_COMMON_BLOCKS = YES;
				GCC_OPTIMIZATION_LEVEL = 0;
				GCC_PREPROCESSOR_DEFINITIONS = (
					"DEBUG=1",
					"$(inherited)",
				);
				GCC_WARN_64_TO_32_BIT_CONVERSION = YES;
				GCC_WARN_ABOUT_RETURN_TYPE = YES_ERROR;
				GCC_WARN_UNDECLARED_SELECTOR = YES;
				GCC_WARN_UNINITIALIZED_AUTOS = YES_AGGRESSIVE;
				GCC_WARN_UNUSED_FUNCTION = YES;
				GCC_WARN_UNUSED_VARIABLE = YES;
				IPHONEOS_DEPLOYMENT_TARGET = 15.4;
				MTL_ENABLE_DEBUG_INFO = INCLUDE_SOURCE;
				MTL_FAST_MATH = YES;
				ONLY_ACTIVE_ARCH = YES;
				SDKROOT = iphoneos;
				SWIFT_ACTIVE_COMPILATION_CONDITIONS = DEBUG;
				SWIFT_OPTIMIZATION_LEVEL = "-Onone";
			};
			name = Debug;
		};
		D21EB58E28537E9C00F27E32 /* Release */ = {
			isa = XCBuildConfiguration;
			buildSettings = {
				ALWAYS_SEARCH_USER_PATHS = NO;
				CLANG_ANALYZER_NONNULL = YES;
				CLANG_ANALYZER_NUMBER_OBJECT_CONVERSION = YES_AGGRESSIVE;
				CLANG_CXX_LANGUAGE_STANDARD = "gnu++17";
				CLANG_ENABLE_MODULES = YES;
				CLANG_ENABLE_OBJC_ARC = YES;
				CLANG_ENABLE_OBJC_WEAK = YES;
				CLANG_WARN_BLOCK_CAPTURE_AUTORELEASING = YES;
				CLANG_WARN_BOOL_CONVERSION = YES;
				CLANG_WARN_COMMA = YES;
				CLANG_WARN_CONSTANT_CONVERSION = YES;
				CLANG_WARN_DEPRECATED_OBJC_IMPLEMENTATIONS = YES;
				CLANG_WARN_DIRECT_OBJC_ISA_USAGE = YES_ERROR;
				CLANG_WARN_DOCUMENTATION_COMMENTS = YES;
				CLANG_WARN_EMPTY_BODY = YES;
				CLANG_WARN_ENUM_CONVERSION = YES;
				CLANG_WARN_INFINITE_RECURSION = YES;
				CLANG_WARN_INT_CONVERSION = YES;
				CLANG_WARN_NON_LITERAL_NULL_CONVERSION = YES;
				CLANG_WARN_OBJC_IMPLICIT_RETAIN_SELF = YES;
				CLANG_WARN_OBJC_LITERAL_CONVERSION = YES;
				CLANG_WARN_OBJC_ROOT_CLASS = YES_ERROR;
				CLANG_WARN_QUOTED_INCLUDE_IN_FRAMEWORK_HEADER = YES;
				CLANG_WARN_RANGE_LOOP_ANALYSIS = YES;
				CLANG_WARN_STRICT_PROTOTYPES = YES;
				CLANG_WARN_SUSPICIOUS_MOVE = YES;
				CLANG_WARN_UNGUARDED_AVAILABILITY = YES_AGGRESSIVE;
				CLANG_WARN_UNREACHABLE_CODE = YES;
				CLANG_WARN__DUPLICATE_METHOD_MATCH = YES;
				COPY_PHASE_STRIP = NO;
				DEBUG_INFORMATION_FORMAT = "dwarf-with-dsym";
				ENABLE_NS_ASSERTIONS = NO;
				ENABLE_STRICT_OBJC_MSGSEND = YES;
				GCC_C_LANGUAGE_STANDARD = gnu11;
				GCC_NO_COMMON_BLOCKS = YES;
				GCC_WARN_64_TO_32_BIT_CONVERSION = YES;
				GCC_WARN_ABOUT_RETURN_TYPE = YES_ERROR;
				GCC_WARN_UNDECLARED_SELECTOR = YES;
				GCC_WARN_UNINITIALIZED_AUTOS = YES_AGGRESSIVE;
				GCC_WARN_UNUSED_FUNCTION = YES;
				GCC_WARN_UNUSED_VARIABLE = YES;
				IPHONEOS_DEPLOYMENT_TARGET = 15.4;
				MTL_ENABLE_DEBUG_INFO = NO;
				MTL_FAST_MATH = YES;
				SDKROOT = iphoneos;
				SWIFT_COMPILATION_MODE = wholemodule;
				SWIFT_OPTIMIZATION_LEVEL = "-O";
				VALIDATE_PRODUCT = YES;
			};
			name = Release;
		};
		D21EB59028537E9C00F27E32 /* Debug */ = {
			isa = XCBuildConfiguration;
			buildSettings = {
				ASSETCATALOG_COMPILER_APPICON_NAME = AppIcon;
				ASSETCATALOG_COMPILER_GLOBAL_ACCENT_COLOR_NAME = AccentColor;
				CODE_SIGN_STYLE = Automatic;
				CURRENT_PROJECT_VERSION = 1;
				DEVELOPMENT_TEAM = 5LHGRXAPD4;
				GENERATE_INFOPLIST_FILE = YES;
				INFOPLIST_FILE = Music/SupportingFiles/Info.plist;
				INFOPLIST_KEY_UIApplicationSupportsIndirectInputEvents = YES;
				INFOPLIST_KEY_UILaunchStoryboardName = LaunchScreen;
				INFOPLIST_KEY_UISupportedInterfaceOrientations_iPad = "UIInterfaceOrientationPortrait UIInterfaceOrientationPortraitUpsideDown UIInterfaceOrientationLandscapeLeft UIInterfaceOrientationLandscapeRight";
				INFOPLIST_KEY_UISupportedInterfaceOrientations_iPhone = "UIInterfaceOrientationPortrait UIInterfaceOrientationLandscapeLeft UIInterfaceOrientationLandscapeRight";
				LD_RUNPATH_SEARCH_PATHS = (
					"$(inherited)",
					"@executable_path/Frameworks",
				);
				MARKETING_VERSION = 1.0;
				PRODUCT_BUNDLE_IDENTIFIER = "i-am.Music";
				PRODUCT_NAME = "$(TARGET_NAME)";
				SWIFT_EMIT_LOC_STRINGS = YES;
				SWIFT_VERSION = 5.0;
				TARGETED_DEVICE_FAMILY = "1,2";
			};
			name = Debug;
		};
		D21EB59128537E9C00F27E32 /* Release */ = {
			isa = XCBuildConfiguration;
			buildSettings = {
				ASSETCATALOG_COMPILER_APPICON_NAME = AppIcon;
				ASSETCATALOG_COMPILER_GLOBAL_ACCENT_COLOR_NAME = AccentColor;
				CODE_SIGN_STYLE = Automatic;
				CURRENT_PROJECT_VERSION = 1;
				DEVELOPMENT_TEAM = 5LHGRXAPD4;
				GENERATE_INFOPLIST_FILE = YES;
				INFOPLIST_FILE = Music/SupportingFiles/Info.plist;
				INFOPLIST_KEY_UIApplicationSupportsIndirectInputEvents = YES;
				INFOPLIST_KEY_UILaunchStoryboardName = LaunchScreen;
				INFOPLIST_KEY_UISupportedInterfaceOrientations_iPad = "UIInterfaceOrientationPortrait UIInterfaceOrientationPortraitUpsideDown UIInterfaceOrientationLandscapeLeft UIInterfaceOrientationLandscapeRight";
				INFOPLIST_KEY_UISupportedInterfaceOrientations_iPhone = "UIInterfaceOrientationPortrait UIInterfaceOrientationLandscapeLeft UIInterfaceOrientationLandscapeRight";
				LD_RUNPATH_SEARCH_PATHS = (
					"$(inherited)",
					"@executable_path/Frameworks",
				);
				MARKETING_VERSION = 1.0;
				PRODUCT_BUNDLE_IDENTIFIER = "i-am.Music";
				PRODUCT_NAME = "$(TARGET_NAME)";
				SWIFT_EMIT_LOC_STRINGS = YES;
				SWIFT_VERSION = 5.0;
				TARGETED_DEVICE_FAMILY = "1,2";
			};
			name = Release;
		};
/* End XCBuildConfiguration section */

/* Begin XCConfigurationList section */
		D21EB57628537E9C00F27E32 /* Build configuration list for PBXProject "Music" */ = {
			isa = XCConfigurationList;
			buildConfigurations = (
				D21EB58D28537E9C00F27E32 /* Debug */,
				D21EB58E28537E9C00F27E32 /* Release */,
			);
			defaultConfigurationIsVisible = 0;
			defaultConfigurationName = Release;
		};
		D21EB58F28537E9C00F27E32 /* Build configuration list for PBXNativeTarget "Music" */ = {
			isa = XCConfigurationList;
			buildConfigurations = (
				D21EB59028537E9C00F27E32 /* Debug */,
				D21EB59128537E9C00F27E32 /* Release */,
			);
			defaultConfigurationIsVisible = 0;
			defaultConfigurationName = Release;
		};
/* End XCConfigurationList section */
	};
	rootObject = D21EB57328537E9C00F27E32 /* Project object */;
}
